
Microsoft Visual Studio Solution File, Format Version 12.00
# Visual Studio Version 16
VisualStudioVersion = 16.0.31129.286
MinimumVisualStudioVersion = 10.0.40219.1
Project("{FAE04EC0-301F-11D3-BF4B-00C04F79EFBC}") = "Zip2", "Zip2\Zip2.csproj", "{69AFD1E7-6B95-4712-9C5F-4F546278F1DB}"
EndProject
Global
	GlobalSection(SolutionConfigurationPlatforms) = preSolution
		Debug|Any CPU = Debug|Any CPU
		Release|Any CPU = Release|Any CPU
	EndGlobalSection
	GlobalSection(ProjectConfigurationPlatforms) = postSolution
		{69AFD1E7-6B95-4712-9C5F-4F546278F1DB}.Debug|Any CPU.ActiveCfg = Debug|Any CPU
		{69AFD1E7-6B95-4712-9C5F-4F546278F1DB}.Debug|Any CPU.Build.0 = Debug|Any CPU
		{69AFD1E7-6B95-4712-9C5F-4F546278F1DB}.Release|Any CPU.ActiveCfg = Release|Any CPU
		{69AFD1E7-6B95-4712-9C5F-4F546278F1DB}.Release|Any CPU.Build.0 = Release|Any CPU
	EndGlobalSection
	GlobalSection(SolutionProperties) = preSolution
		HideSolutionNode = FALSE
	EndGlobalSection
	GlobalSection(ExtensibilityGlobals) = postSolution
		SolutionGuid = {0EC7D0D8-3628-4DF3-ACBA-B09CECEBEAD8}
	EndGlobalSection
EndGlobal
